
Microsoft Visual Studio Solution File, Format Version 12.00
# Visual Studio Version 17
VisualStudioVersion = 17.14.36511.14 d17.14
MinimumVisualStudioVersion = 10.0.40219.1
Project("{FAE04EC0-301F-11D3-BF4B-00C04F79EFBC}") = "microservicesSales", "microservicesSales.csproj", "{501A2F14-5DB2-22F2-3765-B0691F6FE707}"
EndProject
Global
	GlobalSection(SolutionConfigurationPlatforms) = preSolution
		Debug|Any CPU = Debug|Any CPU
		Release|Any CPU = Release|Any CPU
	EndGlobalSection
	GlobalSection(ProjectConfigurationPlatforms) = postSolution
		{501A2F14-5DB2-22F2-3765-B0691F6FE707}.Debug|Any CPU.ActiveCfg = Debug|Any CPU
		{501A2F14-5DB2-22F2-3765-B0691F6FE707}.Debug|Any CPU.Build.0 = Debug|Any CPU
		{501A2F14-5DB2-22F2-3765-B0691F6FE707}.Release|Any CPU.ActiveCfg = Release|Any CPU
		{501A2F14-5DB2-22F2-3765-B0691F6FE707}.Release|Any CPU.Build.0 = Release|Any CPU
	EndGlobalSection
	GlobalSection(SolutionProperties) = preSolution
		HideSolutionNode = FALSE
	EndGlobalSection
	GlobalSection(ExtensibilityGlobals) = postSolution
		SolutionGuid = {D2ACF3CF-92E9-4369-B3D3-D9006E473D2A}
	EndGlobalSection
EndGlobal
